
Microsoft Visual Studio Solution File, Format Version 12.00
# Visual Studio Version 16
VisualStudioVersion = 16.0.31424.327
MinimumVisualStudioVersion = 10.0.40219.1
Project("{FAE04EC0-301F-11D3-BF4B-00C04F79EFBC}") = "be_grp_QuickTripping2", "be_grp_QuickTripping2\be_grp_QuickTripping2.csproj", "{9BD636EF-A3EB-4586-96E3-0C57FF829B31}"
EndProject
Global
	GlobalSection(SolutionConfigurationPlatforms) = preSolution
		Debug|Any CPU = Debug|Any CPU
		Release|Any CPU = Release|Any CPU
	EndGlobalSection
	GlobalSection(ProjectConfigurationPlatforms) = postSolution
		{9BD636EF-A3EB-4586-96E3-0C57FF829B31}.Debug|Any CPU.ActiveCfg = Debug|Any CPU
		{9BD636EF-A3EB-4586-96E3-0C57FF829B31}.Debug|Any CPU.Build.0 = Debug|Any CPU
		{9BD636EF-A3EB-4586-96E3-0C57FF829B31}.Release|Any CPU.ActiveCfg = Release|Any CPU
		{9BD636EF-A3EB-4586-96E3-0C57FF829B31}.Release|Any CPU.Build.0 = Release|Any CPU
	EndGlobalSection
	GlobalSection(SolutionProperties) = preSolution
		HideSolutionNode = FALSE
	EndGlobalSection
	GlobalSection(ExtensibilityGlobals) = postSolution
		SolutionGuid = {59EC94EE-B728-4D11-BA20-548AD851E9C7}
	EndGlobalSection
EndGlobal
